<Solution>
  <Folder Name="/settings/">
    <File Path="settings/settings.example.json" />
    <File Path="settings/settings.schema.json" />
  </Folder>
  <Folder Name="/Solution Items/">
    <File Path=".config/dotnet-tools.json" />
    <File Path=".editorconfig" />
    <File Path=".github/workflows/ci.yml" />
    <File Path=".gitignore" />
  </Folder>
  <Folder Name="/src/">
    <Project Path="src/CaPolice.Loader/CaPolice.Loader.csproj" />
    <Project Path="src/CaPolice/CaPolice.csproj" />
  </Folder>
  <Folder Name="/tests/">
    <File Path="tests/CaPolice.Module.Tests.ps1" />
  </Folder>
</Solution>
